<?xml version="1.0" encoding="utf-8"?>
<Project ToolsVersion="4.0" xmlns="http://schemas.microsoft.com/developer/msbuild/2003">
  <ItemGroup>
    <ClCompile Include="acl.c" />
    <ClCompile Include="adlist.c" />
    <ClCompile Include="ae.c" />
    <ClCompile Include="anet.c" />
    <ClCompile Include="aof.c" />
    <ClCompile Include="bio.c" />
    <ClCompile Include="bitops.c" />
    <ClCompile Include="blocked.c" />
    <ClCompile Include="childinfo.c" />
    <ClCompile Include="cluster.c" />
    <ClCompile Include="config.c" />
    <ClCompile Include="connection.c" />
    <ClCompile Include="crc16.c" />
    <ClCompile Include="crc64.c" />
    <ClCompile Include="crcspeed.c" />
    <ClCompile Include="db.c" />
    <ClCompile Include="debug.c" />
    <ClCompile Include="defrag.c" />
    <ClCompile Include="dict.c" />
    <ClCompile Include="endianconv.c" />
    <ClCompile Include="evict.c" />
    <ClCompile Include="expire.c" />
    <ClCompile Include="geo.c" />
    <ClCompile Include="geohash.c" />
    <ClCompile Include="geohash_helper.c" />
    <ClCompile Include="gopher.c" />
    <ClCompile Include="hyperloglog.c" />
    <ClCompile Include="intset.c" />
    <ClCompile Include="latency.c" />
    <ClCompile Include="lazyfree.c" />
    <ClCompile Include="listpack.c" />
    <ClCompile Include="localtime.c" />
    <ClCompile Include="lolwut.c" />
    <ClCompile Include="lolwut5.c" />
    <ClCompile Include="lolwut6.c" />
    <ClCompile Include="lzf_c.c" />
    <ClCompile Include="lzf_d.c" />
    <ClCompile Include="memtest.c" />
    <ClCompile Include="module.c" />
    <ClCompile Include="multi.c" />
    <ClCompile Include="networking.c" />
    <ClCompile Include="notify.c" />
    <ClCompile Include="object.c" />
    <ClCompile Include="pqsort.c" />
    <ClCompile Include="pubsub.c" />
    <ClCompile Include="quicklist.c" />
    <ClCompile Include="rand.c" />
    <ClCompile Include="rax.c" />
    <ClCompile Include="rdb.c" />
    <ClCompile Include="redis-check-aof.c" />
    <ClCompile Include="redis-check-rdb.c" />
    <ClCompile Include="release.c" />
    <ClCompile Include="replication.c" />
    <ClCompile Include="rio.c" />
    <ClCompile Include="scripting.c" />
    <ClCompile Include="sds.c" />
    <ClCompile Include="sentinel.c" />
    <ClCompile Include="server.c" />
    <ClCompile Include="setcpuaffinity.c" />
    <ClCompile Include="setproctitle.c" />
    <ClCompile Include="sha1.c" />
    <ClCompile Include="sha256.c" />
    <ClCompile Include="siphash.c" />
    <ClCompile Include="slowlog.c" />
    <ClCompile Include="sort.c" />
    <ClCompile Include="sparkline.c" />
    <ClCompile Include="syncio.c" />
    <ClCompile Include="t_hash.c" />
    <ClCompile Include="t_list.c" />
    <ClCompile Include="t_set.c" />
    <ClCompile Include="t_stream.c" />
    <ClCompile Include="t_string.c" />
    <ClCompile Include="t_zset.c" />
    <ClCompile Include="timeout.c" />
    <ClCompile Include="tls.c" />
    <ClCompile Include="tracking.c" />
    <ClCompile Include="util.c" />
    <ClCompile Include="ziplist.c" />
    <ClCompile Include="zipmap.c" />
    <ClCompile Include="zmalloc.c" />
    <ClCompile Include="ae_epoll.c" />
  </ItemGroup>
  <ItemGroup>
    <ClInclude Include="slowlog.h" />
    <ClInclude Include="solarisfixes.h" />
    <ClInclude Include="sparkline.h" />
    <ClInclude Include="stream.h" />
    <ClInclude Include="testhelp.h" />
    <ClInclude Include="util.h" />
    <ClInclude Include="version.h" />
    <ClInclude Include="ziplist.h" />
    <ClInclude Include="zipmap.h" />
    <ClInclude Include="zmalloc.h" />
    <ClInclude Include="adlist.h" />
    <ClInclude Include="ae.h" />
    <ClInclude Include="anet.h" />
    <ClInclude Include="asciilogo.h" />
    <ClInclude Include="atomicvar.h" />
    <ClInclude Include="bio.h" />
    <ClInclude Include="cluster.h" />
    <ClInclude Include="config.h" />
    <ClInclude Include="connection.h" />
    <ClInclude Include="connhelpers.h" />
    <ClInclude Include="crc16_slottable.h" />
    <ClInclude Include="crc64.h" />
    <ClInclude Include="crcspeed.h" />
    <ClInclude Include="debugmacro.h" />
    <ClInclude Include="dict.h" />
    <ClInclude Include="endianconv.h" />
    <ClInclude Include="fmacros.h" />
    <ClInclude Include="geo.h" />
    <ClInclude Include="geohash.h" />
    <ClInclude Include="geohash_helper.h" />
    <ClInclude Include="help.h" />
    <ClInclude Include="intset.h" />
    <ClInclude Include="latency.h" />
    <ClInclude Include="listpack.h" />
    <ClInclude Include="listpack_malloc.h" />
    <ClInclude Include="lolwut.h" />
    <ClInclude Include="lzf.h" />
    <ClInclude Include="lzfP.h" />
    <ClInclude Include="pqsort.h" />
    <ClInclude Include="quicklist.h" />
    <ClInclude Include="rand.h" />
    <ClInclude Include="rax.h" />
    <ClInclude Include="rax_malloc.h" />
    <ClInclude Include="rdb.h" />
    <ClInclude Include="redisassert.h" />
    <ClInclude Include="redismodule.h" />
    <ClInclude Include="release.h" />
    <ClInclude Include="rio.h" />
    <ClInclude Include="sds.h" />
    <ClInclude Include="sdsalloc.h" />
    <ClInclude Include="server.h" />
    <ClInclude Include="sha1.h" />
    <ClInclude Include="sha256.h" />
  </ItemGroup>
</Project>