
Microsoft Visual Studio Solution File, Format Version 12.00
# Visual Studio Version 16
VisualStudioVersion = 16.0.30413.136
MinimumVisualStudioVersion = 10.0.40219.1
Project("{8BC9CEB8-8B4A-11D0-8D11-00A0C91BC942}") = "Redis", "Redis\Redis.vcxproj", "{226DB582-5188-4C8C-8B84-F378EECD5A18}"
EndProject
Project("{8BC9CEB8-8B4A-11D0-8D11-00A0C91BC942}") = "Lua", "Lua\Lua.vcxproj", "{5F84C6EF-B7B2-410A-A1EA-901F6068E2FB}"
EndProject
Project("{8BC9CEB8-8B4A-11D0-8D11-00A0C91BC942}") = "Linenoise", "Linenoise\Linenoise.vcxproj", "{0E68455A-96B5-4B5B-8424-766D01AB8A88}"
EndProject
Project("{8BC9CEB8-8B4A-11D0-8D11-00A0C91BC942}") = "Hiredis", "Hiredis\Hiredis.vcxproj", "{19CB8CFF-EC8A-41E4-8349-7B7C6E78B2B0}"
EndProject
Project("{8BC9CEB8-8B4A-11D0-8D11-00A0C91BC942}") = "Jemalloc", "Jemalloc\Jemalloc.vcxproj", "{60710566-ADC8-4E6E-8A42-959AC639CF96}"
EndProject
Global
	GlobalSection(SolutionConfigurationPlatforms) = preSolution
		Debug|ARM = Debug|ARM
		Debug|ARM64 = Debug|ARM64
		Debug|x64 = Debug|x64
		Debug|x86 = Debug|x86
		Release|ARM = Release|ARM
		Release|ARM64 = Release|ARM64
		Release|x64 = Release|x64
		Release|x86 = Release|x86
	EndGlobalSection
	GlobalSection(ProjectConfigurationPlatforms) = postSolution
		{226DB582-5188-4C8C-8B84-F378EECD5A18}.Debug|ARM.ActiveCfg = Debug|ARM
		{226DB582-5188-4C8C-8B84-F378EECD5A18}.Debug|ARM.Build.0 = Debug|ARM
		{226DB582-5188-4C8C-8B84-F378EECD5A18}.Debug|ARM.Deploy.0 = Debug|ARM
		{226DB582-5188-4C8C-8B84-F378EECD5A18}.Debug|ARM64.ActiveCfg = Debug|ARM64
		{226DB582-5188-4C8C-8B84-F378EECD5A18}.Debug|ARM64.Build.0 = Debug|ARM64
		{226DB582-5188-4C8C-8B84-F378EECD5A18}.Debug|ARM64.Deploy.0 = Debug|ARM64
		{226DB582-5188-4C8C-8B84-F378EECD5A18}.Debug|x64.ActiveCfg = Debug|x64
		{226DB582-5188-4C8C-8B84-F378EECD5A18}.Debug|x64.Build.0 = Debug|x64
		{226DB582-5188-4C8C-8B84-F378EECD5A18}.Debug|x64.Deploy.0 = Debug|x64
		{226DB582-5188-4C8C-8B84-F378EECD5A18}.Debug|x86.ActiveCfg = Debug|x86
		{226DB582-5188-4C8C-8B84-F378EECD5A18}.Debug|x86.Build.0 = Debug|x86
		{226DB582-5188-4C8C-8B84-F378EECD5A18}.Debug|x86.Deploy.0 = Debug|x86
		{226DB582-5188-4C8C-8B84-F378EECD5A18}.Release|ARM.ActiveCfg = Release|ARM
		{226DB582-5188-4C8C-8B84-F378EECD5A18}.Release|ARM.Build.0 = Release|ARM
		{226DB582-5188-4C8C-8B84-F378EECD5A18}.Release|ARM.Deploy.0 = Release|ARM
		{226DB582-5188-4C8C-8B84-F378EECD5A18}.Release|ARM64.ActiveCfg = Release|ARM64
		{226DB582-5188-4C8C-8B84-F378EECD5A18}.Release|ARM64.Build.0 = Release|ARM64
		{226DB582-5188-4C8C-8B84-F378EECD5A18}.Release|ARM64.Deploy.0 = Release|ARM64
		{226DB582-5188-4C8C-8B84-F378EECD5A18}.Release|x64.ActiveCfg = Release|x64
		{226DB582-5188-4C8C-8B84-F378EECD5A18}.Release|x64.Build.0 = Release|x64
		{226DB582-5188-4C8C-8B84-F378EECD5A18}.Release|x64.Deploy.0 = Release|x64
		{226DB582-5188-4C8C-8B84-F378EECD5A18}.Release|x86.ActiveCfg = Release|x86
		{226DB582-5188-4C8C-8B84-F378EECD5A18}.Release|x86.Build.0 = Release|x86
		{226DB582-5188-4C8C-8B84-F378EECD5A18}.Release|x86.Deploy.0 = Release|x86
		{5F84C6EF-B7B2-410A-A1EA-901F6068E2FB}.Debug|ARM.ActiveCfg = Debug|ARM
		{5F84C6EF-B7B2-410A-A1EA-901F6068E2FB}.Debug|ARM.Build.0 = Debug|ARM
		{5F84C6EF-B7B2-410A-A1EA-901F6068E2FB}.Debug|ARM.Deploy.0 = Debug|ARM
		{5F84C6EF-B7B2-410A-A1EA-901F6068E2FB}.Debug|ARM64.ActiveCfg = Debug|ARM64
		{5F84C6EF-B7B2-410A-A1EA-901F6068E2FB}.Debug|ARM64.Build.0 = Debug|ARM64
		{5F84C6EF-B7B2-410A-A1EA-901F6068E2FB}.Debug|ARM64.Deploy.0 = Debug|ARM64
		{5F84C6EF-B7B2-410A-A1EA-901F6068E2FB}.Debug|x64.ActiveCfg = Debug|x64
		{5F84C6EF-B7B2-410A-A1EA-901F6068E2FB}.Debug|x64.Build.0 = Debug|x64
		{5F84C6EF-B7B2-410A-A1EA-901F6068E2FB}.Debug|x64.Deploy.0 = Debug|x64
		{5F84C6EF-B7B2-410A-A1EA-901F6068E2FB}.Debug|x86.ActiveCfg = Debug|x86
		{5F84C6EF-B7B2-410A-A1EA-901F6068E2FB}.Debug|x86.Build.0 = Debug|x86
		{5F84C6EF-B7B2-410A-A1EA-901F6068E2FB}.Debug|x86.Deploy.0 = Debug|x86
		{5F84C6EF-B7B2-410A-A1EA-901F6068E2FB}.Release|ARM.ActiveCfg = Release|ARM
		{5F84C6EF-B7B2-410A-A1EA-901F6068E2FB}.Release|ARM.Build.0 = Release|ARM
		{5F84C6EF-B7B2-410A-A1EA-901F6068E2FB}.Release|ARM.Deploy.0 = Release|ARM
		{5F84C6EF-B7B2-410A-A1EA-901F6068E2FB}.Release|ARM64.ActiveCfg = Release|ARM64
		{5F84C6EF-B7B2-410A-A1EA-901F6068E2FB}.Release|ARM64.Build.0 = Release|ARM64
		{5F84C6EF-B7B2-410A-A1EA-901F6068E2FB}.Release|ARM64.Deploy.0 = Release|ARM64
		{5F84C6EF-B7B2-410A-A1EA-901F6068E2FB}.Release|x64.ActiveCfg = Release|x64
		{5F84C6EF-B7B2-410A-A1EA-901F6068E2FB}.Release|x64.Build.0 = Release|x64
		{5F84C6EF-B7B2-410A-A1EA-901F6068E2FB}.Release|x64.Deploy.0 = Release|x64
		{5F84C6EF-B7B2-410A-A1EA-901F6068E2FB}.Release|x86.ActiveCfg = Release|x86
		{5F84C6EF-B7B2-410A-A1EA-901F6068E2FB}.Release|x86.Build.0 = Release|x86
		{5F84C6EF-B7B2-410A-A1EA-901F6068E2FB}.Release|x86.Deploy.0 = Release|x86
		{0E68455A-96B5-4B5B-8424-766D01AB8A88}.Debug|ARM.ActiveCfg = Debug|ARM
		{0E68455A-96B5-4B5B-8424-766D01AB8A88}.Debug|ARM.Build.0 = Debug|ARM
		{0E68455A-96B5-4B5B-8424-766D01AB8A88}.Debug|ARM.Deploy.0 = Debug|ARM
		{0E68455A-96B5-4B5B-8424-766D01AB8A88}.Debug|ARM64.ActiveCfg = Debug|ARM64
		{0E68455A-96B5-4B5B-8424-766D01AB8A88}.Debug|ARM64.Build.0 = Debug|ARM64
		{0E68455A-96B5-4B5B-8424-766D01AB8A88}.Debug|ARM64.Deploy.0 = Debug|ARM64
		{0E68455A-96B5-4B5B-8424-766D01AB8A88}.Debug|x64.ActiveCfg = Debug|x64
		{0E68455A-96B5-4B5B-8424-766D01AB8A88}.Debug|x64.Build.0 = Debug|x64
		{0E68455A-96B5-4B5B-8424-766D01AB8A88}.Debug|x64.Deploy.0 = Debug|x64
		{0E68455A-96B5-4B5B-8424-766D01AB8A88}.Debug|x86.ActiveCfg = Debug|x86
		{0E68455A-96B5-4B5B-8424-766D01AB8A88}.Debug|x86.Build.0 = Debug|x86
		{0E68455A-96B5-4B5B-8424-766D01AB8A88}.Debug|x86.Deploy.0 = Debug|x86
		{0E68455A-96B5-4B5B-8424-766D01AB8A88}.Release|ARM.ActiveCfg = Release|ARM
		{0E68455A-96B5-4B5B-8424-766D01AB8A88}.Release|ARM.Build.0 = Release|ARM
		{0E68455A-96B5-4B5B-8424-766D01AB8A88}.Release|ARM.Deploy.0 = Release|ARM
		{0E68455A-96B5-4B5B-8424-766D01AB8A88}.Release|ARM64.ActiveCfg = Release|ARM64
		{0E68455A-96B5-4B5B-8424-766D01AB8A88}.Release|ARM64.Build.0 = Release|ARM64
		{0E68455A-96B5-4B5B-8424-766D01AB8A88}.Release|ARM64.Deploy.0 = Release|ARM64
		{0E68455A-96B5-4B5B-8424-766D01AB8A88}.Release|x64.ActiveCfg = Release|x64
		{0E68455A-96B5-4B5B-8424-766D01AB8A88}.Release|x64.Build.0 = Release|x64
		{0E68455A-96B5-4B5B-8424-766D01AB8A88}.Release|x64.Deploy.0 = Release|x64
		{0E68455A-96B5-4B5B-8424-766D01AB8A88}.Release|x86.ActiveCfg = Release|x86
		{0E68455A-96B5-4B5B-8424-766D01AB8A88}.Release|x86.Build.0 = Release|x86
		{0E68455A-96B5-4B5B-8424-766D01AB8A88}.Release|x86.Deploy.0 = Release|x86
		{19CB8CFF-EC8A-41E4-8349-7B7C6E78B2B0}.Debug|ARM.ActiveCfg = Debug|ARM
		{19CB8CFF-EC8A-41E4-8349-7B7C6E78B2B0}.Debug|ARM.Build.0 = Debug|ARM
		{19CB8CFF-EC8A-41E4-8349-7B7C6E78B2B0}.Debug|ARM.Deploy.0 = Debug|ARM
		{19CB8CFF-EC8A-41E4-8349-7B7C6E78B2B0}.Debug|ARM64.ActiveCfg = Debug|ARM64
		{19CB8CFF-EC8A-41E4-8349-7B7C6E78B2B0}.Debug|ARM64.Build.0 = Debug|ARM64
		{19CB8CFF-EC8A-41E4-8349-7B7C6E78B2B0}.Debug|ARM64.Deploy.0 = Debug|ARM64
		{19CB8CFF-EC8A-41E4-8349-7B7C6E78B2B0}.Debug|x64.ActiveCfg = Debug|x64
		{19CB8CFF-EC8A-41E4-8349-7B7C6E78B2B0}.Debug|x64.Build.0 = Debug|x64
		{19CB8CFF-EC8A-41E4-8349-7B7C6E78B2B0}.Debug|x64.Deploy.0 = Debug|x64
		{19CB8CFF-EC8A-41E4-8349-7B7C6E78B2B0}.Debug|x86.ActiveCfg = Debug|x86
		{19CB8CFF-EC8A-41E4-8349-7B7C6E78B2B0}.Debug|x86.Build.0 = Debug|x86
		{19CB8CFF-EC8A-41E4-8349-7B7C6E78B2B0}.Debug|x86.Deploy.0 = Debug|x86
		{19CB8CFF-EC8A-41E4-8349-7B7C6E78B2B0}.Release|ARM.ActiveCfg = Release|ARM
		{19CB8CFF-EC8A-41E4-8349-7B7C6E78B2B0}.Release|ARM.Build.0 = Release|ARM
		{19CB8CFF-EC8A-41E4-8349-7B7C6E78B2B0}.Release|ARM.Deploy.0 = Release|ARM
		{19CB8CFF-EC8A-41E4-8349-7B7C6E78B2B0}.Release|ARM64.ActiveCfg = Release|ARM64
		{19CB8CFF-EC8A-41E4-8349-7B7C6E78B2B0}.Release|ARM64.Build.0 = Release|ARM64
		{19CB8CFF-EC8A-41E4-8349-7B7C6E78B2B0}.Release|ARM64.Deploy.0 = Release|ARM64
		{19CB8CFF-EC8A-41E4-8349-7B7C6E78B2B0}.Release|x64.ActiveCfg = Release|x64
		{19CB8CFF-EC8A-41E4-8349-7B7C6E78B2B0}.Release|x64.Build.0 = Release|x64
		{19CB8CFF-EC8A-41E4-8349-7B7C6E78B2B0}.Release|x64.Deploy.0 = Release|x64
		{19CB8CFF-EC8A-41E4-8349-7B7C6E78B2B0}.Release|x86.ActiveCfg = Release|x86
		{19CB8CFF-EC8A-41E4-8349-7B7C6E78B2B0}.Release|x86.Build.0 = Release|x86
		{19CB8CFF-EC8A-41E4-8349-7B7C6E78B2B0}.Release|x86.Deploy.0 = Release|x86
		{60710566-ADC8-4E6E-8A42-959AC639CF96}.Debug|ARM.ActiveCfg = Debug|ARM
		{60710566-ADC8-4E6E-8A42-959AC639CF96}.Debug|ARM.Build.0 = Debug|ARM
		{60710566-ADC8-4E6E-8A42-959AC639CF96}.Debug|ARM.Deploy.0 = Debug|ARM
		{60710566-ADC8-4E6E-8A42-959AC639CF96}.Debug|ARM64.ActiveCfg = Debug|ARM64
		{60710566-ADC8-4E6E-8A42-959AC639CF96}.Debug|ARM64.Build.0 = Debug|ARM64
		{60710566-ADC8-4E6E-8A42-959AC639CF96}.Debug|ARM64.Deploy.0 = Debug|ARM64
		{60710566-ADC8-4E6E-8A42-959AC639CF96}.Debug|x64.ActiveCfg = Debug|x64
		{60710566-ADC8-4E6E-8A42-959AC639CF96}.Debug|x64.Build.0 = Debug|x64
		{60710566-ADC8-4E6E-8A42-959AC639CF96}.Debug|x64.Deploy.0 = Debug|x64
		{60710566-ADC8-4E6E-8A42-959AC639CF96}.Debug|x86.ActiveCfg = Debug|x86
		{60710566-ADC8-4E6E-8A42-959AC639CF96}.Debug|x86.Build.0 = Debug|x86
		{60710566-ADC8-4E6E-8A42-959AC639CF96}.Debug|x86.Deploy.0 = Debug|x86
		{60710566-ADC8-4E6E-8A42-959AC639CF96}.Release|ARM.ActiveCfg = Release|ARM
		{60710566-ADC8-4E6E-8A42-959AC639CF96}.Release|ARM.Build.0 = Release|ARM
		{60710566-ADC8-4E6E-8A42-959AC639CF96}.Release|ARM.Deploy.0 = Release|ARM
		{60710566-ADC8-4E6E-8A42-959AC639CF96}.Release|ARM64.ActiveCfg = Release|ARM64
		{60710566-ADC8-4E6E-8A42-959AC639CF96}.Release|ARM64.Build.0 = Release|ARM64
		{60710566-ADC8-4E6E-8A42-959AC639CF96}.Release|ARM64.Deploy.0 = Release|ARM64
		{60710566-ADC8-4E6E-8A42-959AC639CF96}.Release|x64.ActiveCfg = Release|x64
		{60710566-ADC8-4E6E-8A42-959AC639CF96}.Release|x64.Build.0 = Release|x64
		{60710566-ADC8-4E6E-8A42-959AC639CF96}.Release|x64.Deploy.0 = Release|x64
		{60710566-ADC8-4E6E-8A42-959AC639CF96}.Release|x86.ActiveCfg = Release|x86
		{60710566-ADC8-4E6E-8A42-959AC639CF96}.Release|x86.Build.0 = Release|x86
		{60710566-ADC8-4E6E-8A42-959AC639CF96}.Release|x86.Deploy.0 = Release|x86
	EndGlobalSection
	GlobalSection(SolutionProperties) = preSolution
		HideSolutionNode = FALSE
	EndGlobalSection
	GlobalSection(ExtensibilityGlobals) = postSolution
		SolutionGuid = {CF8ECB5C-2D1E-4B14-8FD9-545311FDBCCC}
	EndGlobalSection
EndGlobal
